<?xml version="1.0" encoding="utf-8"?>
<Project ToolsVersion="4.0" xmlns="http://schemas.microsoft.com/developer/msbuild/2003">
  <ItemGroup>
    <Filter Include="Source Files">
      <UniqueIdentifier>{4FC737F1-C7A5-4376-A066-2A32D752A2FF}</UniqueIdentifier>
      <Extensions>cpp;c;cc;cxx;def;odl;idl;hpj;bat;asm;asmx</Extensions>
    </Filter>
    <Filter Include="Header Files">
      <UniqueIdentifier>{93995380-89BD-4b04-88EB-625FBE52EBFB}</UniqueIdentifier>
      <Extensions>h;hpp;hxx;hm;inl;inc;xsd</Extensions>
    </Filter>
    <Filter Include="Resource Files">
      <UniqueIdentifier>{67DA6AB6-F800-4c08-8B7A-83BB121AAD01}</UniqueIdentifier>
      <Extensions>rc;ico;cur;bmp;dlg;rc2;rct;bin;rgs;gif;jpg;jpeg;jpe;resx;tiff;tif;png;wav;mfcribbon-ms</Extensions>
    </Filter>
  </ItemGroup>
  <ItemGroup>
    <ClInclude Include="..\..\bluestein.h">
      <Filter>Header Files</Filter>
    </ClInclude>
    <ClInclude Include="..\..\CModulus.h">
      <Filter>Header Files</Filter>
    </ClInclude>
    <ClInclude Include="..\..\Ctxt.h">
      <Filter>Header Files</Filter>
    </ClInclude>
    <ClInclude Include="..\..\DoubleCRT.h">
      <Filter>Header Files</Filter>
    </ClInclude>
    <ClInclude Include="..\..\EncryptedArray.h">
      <Filter>Header Files</Filter>
    </ClInclude>
    <ClInclude Include="..\..\FHE.h">
      <Filter>Header Files</Filter>
    </ClInclude>
    <ClInclude Include="..\..\FHEContext.h">
      <Filter>Header Files</Filter>
    </ClInclude>
    <ClInclude Include="..\..\IndexMap.h">
      <Filter>Header Files</Filter>
    </ClInclude>
    <ClInclude Include="..\..\IndexSet.h">
      <Filter>Header Files</Filter>
    </ClInclude>
    <ClInclude Include="..\..\NumbTh.h">
      <Filter>Header Files</Filter>
    </ClInclude>
    <ClInclude Include="..\..\PAlgebra.h">
      <Filter>Header Files</Filter>
    </ClInclude>
    <ClInclude Include="..\..\replicate.h">
      <Filter>Header Files</Filter>
    </ClInclude>
    <ClInclude Include="..\..\SingleCRT.h">
      <Filter>Header Files</Filter>
    </ClInclude>
    <ClInclude Include="..\..\timing.h">
      <Filter>Header Files</Filter>
    </ClInclude>
    <ClInclude Include="..\..\PAlgebraMod.cpp">
      <Filter>Header Files</Filter>
    </ClInclude>
  </ItemGroup>
  <ItemGroup>
    <ClCompile Include="..\..\bluestein.cpp">
      <Filter>Source Files</Filter>
    </ClCompile>
    <ClCompile Include="..\..\CModulus.cpp">
      <Filter>Source Files</Filter>
    </ClCompile>
    <ClCompile Include="..\..\Ctxt.cpp">
      <Filter>Source Files</Filter>
    </ClCompile>
    <ClCompile Include="..\..\DoubleCRT.cpp">
      <Filter>Source Files</Filter>
    </ClCompile>
    <ClCompile Include="..\..\EncryptedArray.cpp">
      <Filter>Source Files</Filter>
    </ClCompile>
    <ClCompile Include="..\..\FHE.cpp">
      <Filter>Source Files</Filter>
    </ClCompile>
    <ClCompile Include="..\..\FHEContext.cpp">
      <Filter>Source Files</Filter>
    </ClCompile>
    <ClCompile Include="..\..\IndexSet.cpp">
      <Filter>Source Files</Filter>
    </ClCompile>
    <ClCompile Include="..\..\KeySwitching.cpp">
      <Filter>Source Files</Filter>
    </ClCompile>
    <ClCompile Include="..\..\NumbTh.cpp">
      <Filter>Source Files</Filter>
    </ClCompile>
    <ClCompile Include="..\..\replicate.cpp">
      <Filter>Source Files</Filter>
    </ClCompile>
    <ClCompile Include="..\..\SingleCRT.cpp">
      <Filter>Source Files</Filter>
    </ClCompile>
    <ClCompile Include="..\..\timing.cpp">
      <Filter>Source Files</Filter>
    </ClCompile>
    <ClCompile Include="..\..\PAlgebra.cpp">
      <Filter>Source Files</Filter>
    </ClCompile>
  </ItemGroup>
</Project>